
Microsoft Visual Studio Solution File, Format Version 12.00
# Visual Studio 15
VisualStudioVersion = 15.0.26124.0
MinimumVisualStudioVersion = 15.0.26124.0
Project("{FAE04EC0-301F-11D3-BF4B-00C04F79EFBC}") = "StateTree", "src\StateTree.csproj", "{A0230E1F-D1EC-49DB-A685-23EB44B0282C}"
EndProject
Project("{FAE04EC0-301F-11D3-BF4B-00C04F79EFBC}") = "StateTree.Tests", "test\StateTree.Tests.csproj", "{6F51EF2B-1BDB-4656-B30D-B8EFE5EFE139}"
EndProject
Global
	GlobalSection(SolutionConfigurationPlatforms) = preSolution
		Debug|Any CPU = Debug|Any CPU
		Debug|x64 = Debug|x64
		Debug|x86 = Debug|x86
		Release|Any CPU = Release|Any CPU
		Release|x64 = Release|x64
		Release|x86 = Release|x86
	EndGlobalSection
	GlobalSection(SolutionProperties) = preSolution
		HideSolutionNode = FALSE
	EndGlobalSection
	GlobalSection(ProjectConfigurationPlatforms) = postSolution
		{A0230E1F-D1EC-49DB-A685-23EB44B0282C}.Debug|Any CPU.ActiveCfg = Debug|Any CPU
		{A0230E1F-D1EC-49DB-A685-23EB44B0282C}.Debug|Any CPU.Build.0 = Debug|Any CPU
		{A0230E1F-D1EC-49DB-A685-23EB44B0282C}.Debug|x64.ActiveCfg = Debug|Any CPU
		{A0230E1F-D1EC-49DB-A685-23EB44B0282C}.Debug|x64.Build.0 = Debug|Any CPU
		{A0230E1F-D1EC-49DB-A685-23EB44B0282C}.Debug|x86.ActiveCfg = Debug|Any CPU
		{A0230E1F-D1EC-49DB-A685-23EB44B0282C}.Debug|x86.Build.0 = Debug|Any CPU
		{A0230E1F-D1EC-49DB-A685-23EB44B0282C}.Release|Any CPU.ActiveCfg = Release|Any CPU
		{A0230E1F-D1EC-49DB-A685-23EB44B0282C}.Release|Any CPU.Build.0 = Release|Any CPU
		{A0230E1F-D1EC-49DB-A685-23EB44B0282C}.Release|x64.ActiveCfg = Release|Any CPU
		{A0230E1F-D1EC-49DB-A685-23EB44B0282C}.Release|x64.Build.0 = Release|Any CPU
		{A0230E1F-D1EC-49DB-A685-23EB44B0282C}.Release|x86.ActiveCfg = Release|Any CPU
		{A0230E1F-D1EC-49DB-A685-23EB44B0282C}.Release|x86.Build.0 = Release|Any CPU
		{6F51EF2B-1BDB-4656-B30D-B8EFE5EFE139}.Debug|Any CPU.ActiveCfg = Debug|Any CPU
		{6F51EF2B-1BDB-4656-B30D-B8EFE5EFE139}.Debug|Any CPU.Build.0 = Debug|Any CPU
		{6F51EF2B-1BDB-4656-B30D-B8EFE5EFE139}.Debug|x64.ActiveCfg = Debug|Any CPU
		{6F51EF2B-1BDB-4656-B30D-B8EFE5EFE139}.Debug|x64.Build.0 = Debug|Any CPU
		{6F51EF2B-1BDB-4656-B30D-B8EFE5EFE139}.Debug|x86.ActiveCfg = Debug|Any CPU
		{6F51EF2B-1BDB-4656-B30D-B8EFE5EFE139}.Debug|x86.Build.0 = Debug|Any CPU
		{6F51EF2B-1BDB-4656-B30D-B8EFE5EFE139}.Release|Any CPU.ActiveCfg = Release|Any CPU
		{6F51EF2B-1BDB-4656-B30D-B8EFE5EFE139}.Release|Any CPU.Build.0 = Release|Any CPU
		{6F51EF2B-1BDB-4656-B30D-B8EFE5EFE139}.Release|x64.ActiveCfg = Release|Any CPU
		{6F51EF2B-1BDB-4656-B30D-B8EFE5EFE139}.Release|x64.Build.0 = Release|Any CPU
		{6F51EF2B-1BDB-4656-B30D-B8EFE5EFE139}.Release|x86.ActiveCfg = Release|Any CPU
		{6F51EF2B-1BDB-4656-B30D-B8EFE5EFE139}.Release|x86.Build.0 = Release|Any CPU
	EndGlobalSection
EndGlobal
